
Microsoft Visual Studio Solution File, Format Version 12.00
# Visual Studio 15
VisualStudioVersion = 15.0.28307.438
MinimumVisualStudioVersion = 10.0.40219.1
Project("{9A19103F-16F7-4668-BE54-9A1E7A4F7556}") = "ReposirotyPatternDemo", "ReposirotyPatternDemo\ReposirotyPatternDemo.csproj", "{EEBFF01F-EF84-4758-8F14-F89DB39B77F6}"
EndProject
Project("{9A19103F-16F7-4668-BE54-9A1E7A4F7556}") = "DKBS_Console", "DKBS_Console\DKBS_Console.csproj", "{9DFB4125-C96B-49B3-89A4-EF390BCCB7DE}"
EndProject
Project("{FAE04EC0-301F-11D3-BF4B-00C04F79EFBC}") = "DKBS_API", "DKBS_API\DKBS_API.csproj", "{1DBADE4D-AE79-4863-88EE-5748DB56796C}"
EndProject
Global
	GlobalSection(SolutionConfigurationPlatforms) = preSolution
		Debug|Any CPU = Debug|Any CPU
		Release|Any CPU = Release|Any CPU
	EndGlobalSection
	GlobalSection(ProjectConfigurationPlatforms) = postSolution
		{EEBFF01F-EF84-4758-8F14-F89DB39B77F6}.Debug|Any CPU.ActiveCfg = Debug|Any CPU
		{EEBFF01F-EF84-4758-8F14-F89DB39B77F6}.Debug|Any CPU.Build.0 = Debug|Any CPU
		{EEBFF01F-EF84-4758-8F14-F89DB39B77F6}.Release|Any CPU.ActiveCfg = Release|Any CPU
		{EEBFF01F-EF84-4758-8F14-F89DB39B77F6}.Release|Any CPU.Build.0 = Release|Any CPU
		{9DFB4125-C96B-49B3-89A4-EF390BCCB7DE}.Debug|Any CPU.ActiveCfg = Debug|Any CPU
		{9DFB4125-C96B-49B3-89A4-EF390BCCB7DE}.Debug|Any CPU.Build.0 = Debug|Any CPU
		{9DFB4125-C96B-49B3-89A4-EF390BCCB7DE}.Release|Any CPU.ActiveCfg = Release|Any CPU
		{9DFB4125-C96B-49B3-89A4-EF390BCCB7DE}.Release|Any CPU.Build.0 = Release|Any CPU
		{1DBADE4D-AE79-4863-88EE-5748DB56796C}.Debug|Any CPU.ActiveCfg = Debug|Any CPU
		{1DBADE4D-AE79-4863-88EE-5748DB56796C}.Debug|Any CPU.Build.0 = Debug|Any CPU
		{1DBADE4D-AE79-4863-88EE-5748DB56796C}.Release|Any CPU.ActiveCfg = Release|Any CPU
		{1DBADE4D-AE79-4863-88EE-5748DB56796C}.Release|Any CPU.Build.0 = Release|Any CPU
	EndGlobalSection
	GlobalSection(SolutionProperties) = preSolution
		HideSolutionNode = FALSE
	EndGlobalSection
	GlobalSection(ExtensibilityGlobals) = postSolution
		SolutionGuid = {3A12E905-5487-4692-B2DE-F20A87E909C6}
	EndGlobalSection
EndGlobal
